{
  "requires": true,
  "lockfileVersion": 1,
  "dependencies": {
    "frow": {
      "version": "3.3.2",
      "resolved": "https://registry.npmjs.org/frow/-/frow-3.3.2.tgz",
      "integrity": "sha512-ZNsyrCzDuN0bi5Xjx/3BMSyi7l3bJGPyPzZoWP60LtV7WiPeElLI99HgL9d6KygDMkpKWsWWHCOdRV960Q0JjA=="
    }
  }
}
